
Microsoft Visual Studio Solution File, Format Version 12.00
# Visual Studio Version 17
VisualStudioVersion = 17.2.32519.379
MinimumVisualStudioVersion = 10.0.40219.1
Project("{FAE04EC0-301F-11D3-BF4B-00C04F79EFBC}") = "dotnet_frontend", "dotnet_frontend.csproj", "{B69A4355-FEBC-4B15-A8EE-81F3C7FE0298}"
EndProject
Global
	GlobalSection(SolutionConfigurationPlatforms) = preSolution
		Debug|Any CPU = Debug|Any CPU
		Release|Any CPU = Release|Any CPU
	EndGlobalSection
	GlobalSection(ProjectConfigurationPlatforms) = postSolution
		{B69A4355-FEBC-4B15-A8EE-81F3C7FE0298}.Debug|Any CPU.ActiveCfg = Debug|Any CPU
		{B69A4355-FEBC-4B15-A8EE-81F3C7FE0298}.Debug|Any CPU.Build.0 = Debug|Any CPU
		{B69A4355-FEBC-4B15-A8EE-81F3C7FE0298}.Release|Any CPU.ActiveCfg = Release|Any CPU
		{B69A4355-FEBC-4B15-A8EE-81F3C7FE0298}.Release|Any CPU.Build.0 = Release|Any CPU
	EndGlobalSection
	GlobalSection(SolutionProperties) = preSolution
		HideSolutionNode = FALSE
	EndGlobalSection
	GlobalSection(ExtensibilityGlobals) = postSolution
		SolutionGuid = {3EE543E5-E19B-466D-9EA5-9F0660F4EB13}
	EndGlobalSection
EndGlobal
